
Microsoft Visual Studio Solution File, Format Version 12.00
# Visual Studio Version 16
VisualStudioVersion = 16.0.30204.135
MinimumVisualStudioVersion = 10.0.40219.1
Project("{FAE04EC0-301F-11D3-BF4B-00C04F79EFBC}") = "ContactManager", "ContactManager\ContactManager.csproj", "{A7D2B65E-7E9C-4059-A311-7291DEFF85FA}"
EndProject
Global
	GlobalSection(SolutionConfigurationPlatforms) = preSolution
		Debug|Any CPU = Debug|Any CPU
		Release|Any CPU = Release|Any CPU
	EndGlobalSection
	GlobalSection(ProjectConfigurationPlatforms) = postSolution
		{A7D2B65E-7E9C-4059-A311-7291DEFF85FA}.Debug|Any CPU.ActiveCfg = Debug|Any CPU
		{A7D2B65E-7E9C-4059-A311-7291DEFF85FA}.Debug|Any CPU.Build.0 = Debug|Any CPU
		{A7D2B65E-7E9C-4059-A311-7291DEFF85FA}.Release|Any CPU.ActiveCfg = Release|Any CPU
		{A7D2B65E-7E9C-4059-A311-7291DEFF85FA}.Release|Any CPU.Build.0 = Release|Any CPU
	EndGlobalSection
	GlobalSection(SolutionProperties) = preSolution
		HideSolutionNode = FALSE
	EndGlobalSection
	GlobalSection(ExtensibilityGlobals) = postSolution
		SolutionGuid = {928DC45C-1D60-4EA3-BE9D-184BD4F7B32C}
	EndGlobalSection
EndGlobal
